
Microsoft Visual Studio Solution File, Format Version 12.00
Project("{2150E333-8FDC-42A3-9474-1A3956D46DE8}") = "01-Api", "01-Api", "{931594FC-3653-4A8E-9E2C-4FA27DF7354F}"
EndProject
Project("{FAE04EC0-301F-11D3-BF4B-00C04F79EFBC}") = "Server.Api", "Server.Api\Server.Api.csproj", "{313D65D4-D38A-453A-9B13-92553934102A}"
EndProject
Project("{2150E333-8FDC-42A3-9474-1A3956D46DE8}") = "02-Domain", "02-Domain", "{444E99E9-3883-4EC3-9133-DF2C21ABCCA7}"
EndProject
Project("{2150E333-8FDC-42A3-9474-1A3956D46DE8}") = "03-Infra", "03-Infra", "{B6D0D62E-51BA-44FC-9C99-DFB8AF6ACD5D}"
EndProject
Project("{2150E333-8FDC-42A3-9474-1A3956D46DE8}") = "01-Domain", "01-Domain", "{9201F2A0-556A-401C-AC91-01FC4987058A}"
EndProject
Project("{2150E333-8FDC-42A3-9474-1A3956D46DE8}") = "02-CrossCutting", "02-CrossCutting", "{E14CFB22-67C0-446E-9307-F2D7ECF1520A}"
EndProject
Project("{2150E333-8FDC-42A3-9474-1A3956D46DE8}") = "01-Data", "01-Data", "{4DB38752-472B-40A4-8896-30560B707FC8}"
EndProject
Project("{2150E333-8FDC-42A3-9474-1A3956D46DE8}") = "02-Infra", "02-Infra", "{9659BFCE-1754-4D7E-9D36-0FD64050B45C}"
EndProject
Project("{FAE04EC0-301F-11D3-BF4B-00C04F79EFBC}") = "Server.Domain", "Server.Domain\Server.Domain.csproj", "{971521EC-B0C8-4F9C-902E-4C187A582E41}"
EndProject
Project("{FAE04EC0-301F-11D3-BF4B-00C04F79EFBC}") = "Server.CrossCutting", "Server.CrossCutting\Server.CrossCutting.csproj", "{6D575928-7C40-42FE-8C5B-19D71DB32C74}"
EndProject
Project("{FAE04EC0-301F-11D3-BF4B-00C04F79EFBC}") = "Server.Data", "Server.Data\Server.Data.csproj", "{E08C608B-F6CA-4026-A01C-12DE24DEA9C4}"
EndProject
Project("{FAE04EC0-301F-11D3-BF4B-00C04F79EFBC}") = "Server.Infra", "Server.Infra\Server.Infra.csproj", "{216AC7C9-0CF3-4C7A-AD12-0851E799D637}"
EndProject
Global
	GlobalSection(SolutionConfigurationPlatforms) = preSolution
		Debug|Any CPU = Debug|Any CPU
		Release|Any CPU = Release|Any CPU
	EndGlobalSection
	GlobalSection(NestedProjects) = preSolution
		{313D65D4-D38A-453A-9B13-92553934102A} = {931594FC-3653-4A8E-9E2C-4FA27DF7354F}
		{9201F2A0-556A-401C-AC91-01FC4987058A} = {444E99E9-3883-4EC3-9133-DF2C21ABCCA7}
		{E14CFB22-67C0-446E-9307-F2D7ECF1520A} = {444E99E9-3883-4EC3-9133-DF2C21ABCCA7}
		{4DB38752-472B-40A4-8896-30560B707FC8} = {B6D0D62E-51BA-44FC-9C99-DFB8AF6ACD5D}
		{9659BFCE-1754-4D7E-9D36-0FD64050B45C} = {B6D0D62E-51BA-44FC-9C99-DFB8AF6ACD5D}
		{971521EC-B0C8-4F9C-902E-4C187A582E41} = {9201F2A0-556A-401C-AC91-01FC4987058A}
		{6D575928-7C40-42FE-8C5B-19D71DB32C74} = {E14CFB22-67C0-446E-9307-F2D7ECF1520A}
		{E08C608B-F6CA-4026-A01C-12DE24DEA9C4} = {4DB38752-472B-40A4-8896-30560B707FC8}
		{216AC7C9-0CF3-4C7A-AD12-0851E799D637} = {9659BFCE-1754-4D7E-9D36-0FD64050B45C}
	EndGlobalSection
	GlobalSection(ProjectConfigurationPlatforms) = postSolution
		{313D65D4-D38A-453A-9B13-92553934102A}.Debug|Any CPU.ActiveCfg = Debug|Any CPU
		{313D65D4-D38A-453A-9B13-92553934102A}.Debug|Any CPU.Build.0 = Debug|Any CPU
		{313D65D4-D38A-453A-9B13-92553934102A}.Release|Any CPU.ActiveCfg = Release|Any CPU
		{313D65D4-D38A-453A-9B13-92553934102A}.Release|Any CPU.Build.0 = Release|Any CPU
		{971521EC-B0C8-4F9C-902E-4C187A582E41}.Debug|Any CPU.ActiveCfg = Debug|Any CPU
		{971521EC-B0C8-4F9C-902E-4C187A582E41}.Debug|Any CPU.Build.0 = Debug|Any CPU
		{971521EC-B0C8-4F9C-902E-4C187A582E41}.Release|Any CPU.ActiveCfg = Release|Any CPU
		{971521EC-B0C8-4F9C-902E-4C187A582E41}.Release|Any CPU.Build.0 = Release|Any CPU
		{6D575928-7C40-42FE-8C5B-19D71DB32C74}.Debug|Any CPU.ActiveCfg = Debug|Any CPU
		{6D575928-7C40-42FE-8C5B-19D71DB32C74}.Debug|Any CPU.Build.0 = Debug|Any CPU
		{6D575928-7C40-42FE-8C5B-19D71DB32C74}.Release|Any CPU.ActiveCfg = Release|Any CPU
		{6D575928-7C40-42FE-8C5B-19D71DB32C74}.Release|Any CPU.Build.0 = Release|Any CPU
		{E08C608B-F6CA-4026-A01C-12DE24DEA9C4}.Debug|Any CPU.ActiveCfg = Debug|Any CPU
		{E08C608B-F6CA-4026-A01C-12DE24DEA9C4}.Debug|Any CPU.Build.0 = Debug|Any CPU
		{E08C608B-F6CA-4026-A01C-12DE24DEA9C4}.Release|Any CPU.ActiveCfg = Release|Any CPU
		{E08C608B-F6CA-4026-A01C-12DE24DEA9C4}.Release|Any CPU.Build.0 = Release|Any CPU
		{216AC7C9-0CF3-4C7A-AD12-0851E799D637}.Debug|Any CPU.ActiveCfg = Debug|Any CPU
		{216AC7C9-0CF3-4C7A-AD12-0851E799D637}.Debug|Any CPU.Build.0 = Debug|Any CPU
		{216AC7C9-0CF3-4C7A-AD12-0851E799D637}.Release|Any CPU.ActiveCfg = Release|Any CPU
		{216AC7C9-0CF3-4C7A-AD12-0851E799D637}.Release|Any CPU.Build.0 = Release|Any CPU
	EndGlobalSection
EndGlobal
